// !$*UTF8*$!
{
	archiveVersion = 1;
	classes = {
	};
	objectVersion = 46;
	objects = {

/* Begin PBXBuildFile section */
		F0635C581C2A4BB30077CCA0 /* AppDelegate.swift in Sources */ = {isa = PBXBuildFile; fileRef = F0635C571C2A4BB30077CCA0 /* AppDelegate.swift */; };
		F0635C5A1C2A4BB30077CCA0 /* ViewController.swift in Sources */ = {isa = PBXBuildFile; fileRef = F0635C591C2A4BB30077CCA0 /* ViewController.swift */; };
		F0635C5D1C2A4BB30077CCA0 /* Main.storyboard in Resources */ = {isa = PBXBuildFile; fileRef = F0635C5B1C2A4BB30077CCA0 /* Main.storyboard */; };
		F0635C5F1C2A4BB30077CCA0 /* Assets.xcassets in Resources */ = {isa = PBXBuildFile; fileRef = F0635C5E1C2A4BB30077CCA0 /* Assets.xcassets */; };
		F0635C621C2A4BB30077CCA0 /* LaunchScreen.storyboard in Resources */ = {isa = PBXBuildFile; fileRef = F0635C601C2A4BB30077CCA0 /* LaunchScreen.storyboard */; };
/* End PBXBuildFile section */

/* Begin PBXContainerItemProxy section */
		F0635C691C2A4BB30077CCA0 /* PBXContainerItemProxy */ = {
			isa = PBXContainerItemProxy;
			containerPortal = F0635C4C1C2A4BB20077CCA0 /* Project object */;
			proxyType = 1;
			remoteGlobalIDString = F0635C531C2A4BB20077CCA0;
			remoteInfo = AlignText;
		};
		F0635C741C2A4BB30077CCA0 /* PBXContainerItemProxy */ = {
			isa = PBXContainerItemProxy;
			containerPortal = F0635C4C1C2A4BB20077CCA0 /* Project object */;
			proxyType = 1;
			remoteGlobalIDString = F0635C531C2A4BB20077CCA0;
			remoteInfo = AlignText;
		};
/* End PBXContainerItemProxy section */

/* Begin PBXFileReference section */
		F0635C541C2A4BB30077CCA0 /* AlignText.app */ = {isa = PBXFileReference; explicitFileType = wrapper.application; includeInIndex = 0; path = AlignText.app; sourceTree = BUILT_PRODUCTS_DIR; };
		F0635C571C2A4BB30077CCA0 /* AppDelegate.swift */ = {isa = PBXFileReference; lastKnownFileType = sourcecode.swift; path = AppDelegate.swift; sourceTree = "<group>"; };
		F0635C591C2A4BB30077CCA0 /* ViewController.swift */ = {isa = PBXFileReference; lastKnownFileType = sourcecode.swift; path = ViewController.swift; sourceTree = "<group>"; };
		F0635C5C1C2A4BB30077CCA0 /* Base */ = {isa = PBXFileReference; lastKnownFileType = file.storyboard; name = Base; path = Base.lproj/Main.storyboard; sourceTree = "<group>"; };
		F0635C5E1C2A4BB30077CCA0 /* Assets.xcassets */ = {isa = PBXFileReference; lastKnownFileType = folder.assetcatalog; path = Assets.xcassets; sourceTree = "<group>"; };
		F0635C611C2A4BB30077CCA0 /* Base */ = {isa = PBXFileReference; lastKnownFileType = file.storyboard; name = Base; path = Base.lproj/LaunchScreen.storyboard; sourceTree = "<group>"; };
		F0635C631C2A4BB30077CCA0 /* Info.plist */ = {isa = PBXFileReference; lastKnownFileType = text.plist.xml; path = Info.plist; sourceTree = "<group>"; };
		F0635C681C2A4BB30077CCA0 /* AlignTextTests.xctest */ = {isa = PBXFileReference; explicitFileType = wrapper.cfbundle; includeInIndex = 0; path = AlignTextTests.xctest; sourceTree = BUILT_PRODUCTS_DIR; };
		F0635C731C2A4BB30077CCA0 /* AlignTextUITests.xctest */ = {isa = PBXFileReference; explicitFileType = wrapper.cfbundle; includeInIndex = 0; path = AlignTextUITests.xctest; sourceTree = BUILT_PRODUCTS_DIR; };
/* End PBXFileReference section */

/* Begin PBXFrameworksBuildPhase section */
		F0635C511C2A4BB20077CCA0 /* Frameworks */ = {
			isa = PBXFrameworksBuildPhase;
			buildActionMask = 2147483647;
			files = (
			);
			runOnlyForDeploymentPostprocessing = 0;
		};
		F0635C651C2A4BB30077CCA0 /* Frameworks */ = {
			isa = PBXFrameworksBuildPhase;
			buildActionMask = 2147483647;
			files = (
			);
			runOnlyForDeploymentPostprocessing = 0;
		};
		F0635C701C2A4BB30077CCA0 /* Frameworks */ = {
			isa = PBXFrameworksBuildPhase;
			buildActionMask = 2147483647;
			files = (
			);
			runOnlyForDeploymentPostprocessing = 0;
		};
/* End PBXFrameworksBuildPhase section */

/* Begin PBXGroup section */
		F0635C4B1C2A4BB20077CCA0 = {
			isa = PBXGroup;
			children = (
				F0635C561C2A4BB30077CCA0 /* AlignText */,
				F0635C551C2A4BB30077CCA0 /* Products */,
			);
			sourceTree = "<group>";
		};
		F0635C551C2A4BB30077CCA0 /* Products */ = {
			isa = PBXGroup;
			children = (
				F0635C541C2A4BB30077CCA0 /* AlignText.app */,
				F0635C681C2A4BB30077CCA0 /* AlignTextTests.xctest */,
				F0635C731C2A4BB30077CCA0 /* AlignTextUITests.xctest */,
			);
			name = Products;
			sourceTree = "<group>";
		};
		F0635C561C2A4BB30077CCA0 /* AlignText */ = {
			isa = PBXGroup;
			children = (
				F0635C571C2A4BB30077CCA0 /* AppDelegate.swift */,
				F0635C591C2A4BB30077CCA0 /* ViewController.swift */,
				F0635C5B1C2A4BB30077CCA0 /* Main.storyboard */,
				F0635C5E1C2A4BB30077CCA0 /* Assets.xcassets */,
				F0635C601C2A4BB30077CCA0 /* LaunchScreen.storyboard */,
				F0635C631C2A4BB30077CCA0 /* Info.plist */,
			);
			path = AlignText;
			sourceTree = "<group>";
		};
/* End PBXGroup section */

/* Begin PBXNativeTarget section */
		F0635C531C2A4BB20077CCA0 /* AlignText */ = {
			isa = PBXNativeTarget;
			buildConfigurationList = F0635C7C1C2A4BB30077CCA0 /* Build configuration list for PBXNativeTarget "AlignText" */;
			buildPhases = (
				F0635C501C2A4BB20077CCA0 /* Sources */,
				F0635C511C2A4BB20077CCA0 /* Frameworks */,
				F0635C521C2A4BB20077CCA0 /* Resources */,
			);
			buildRules = (
			);
			dependencies = (
			);
			name = AlignText;
			productName = AlignText;
			productReference = F0635C541C2A4BB30077CCA0 /* AlignText.app */;
			productType = "com.apple.product-type.application";
		};
		F0635C671C2A4BB30077CCA0 /* AlignTextTests */ = {
			isa = PBXNativeTarget;
			buildConfigurationList = F0635C7F1C2A4BB30077CCA0 /* Build configuration list for PBXNativeTarget "AlignTextTests" */;
			buildPhases = (
				F0635C641C2A4BB30077CCA0 /* Sources */,
				F0635C651C2A4BB30077CCA0 /* Frameworks */,
				F0635C661C2A4BB30077CCA0 /* Resources */,
			);
			buildRules = (
			);
			dependencies = (
				F0635C6A1C2A4BB30077CCA0 /* PBXTargetDependency */,
			);
			name = AlignTextTests;
			productName = AlignTextTests;
			productReference = F0635C681C2A4BB30077CCA0 /* AlignTextTests.xctest */;
			productType = "com.apple.product-type.bundle.unit-test";
		};
		F0635C721C2A4BB30077CCA0 /* AlignTextUITests */ = {
			isa = PBXNativeTarget;
			buildConfigurationList = F0635C821C2A4BB30077CCA0 /* Build configuration list for PBXNativeTarget "AlignTextUITests" */;
			buildPhases = (
				F0635C6F1C2A4BB30077CCA0 /* Sources */,
				F0635C701C2A4BB30077CCA0 /* Frameworks */,
				F0635C711C2A4BB30077CCA0 /* Resources */,
			);
			buildRules = (
			);
			dependencies = (
				F0635C751C2A4BB30077CCA0 /* PBXTargetDependency */,
			);
			name = AlignTextUITests;
			productName = AlignTextUITests;
			productReference = F0635C731C2A4BB30077CCA0 /* AlignTextUITests.xctest */;
			productType = "com.apple.product-type.bundle.ui-testing";
		};
/* End PBXNativeTarget section */

/* Begin PBXProject section */
		F0635C4C1C2A4BB20077CCA0 /* Project object */ = {
			isa = PBXProject;
			attributes = {
				LastSwiftUpdateCheck = 0720;
				LastUpgradeCheck = 0720;
				ORGANIZATIONNAME = henge;
				TargetAttributes = {
					F0635C531C2A4BB20077CCA0 = {
						CreatedOnToolsVersion = 7.2;
					};
					F0635C671C2A4BB30077CCA0 = {
						CreatedOnToolsVersion = 7.2;
						TestTargetID = F0635C531C2A4BB20077CCA0;
					};
					F0635C721C2A4BB30077CCA0 = {
						CreatedOnToolsVersion = 7.2;
						TestTargetID = F0635C531C2A4BB20077CCA0;
					};
				};
			};
			buildConfigurationList = F0635C4F1C2A4BB20077CCA0 /* Build configuration list for PBXProject "AlignText" */;
			compatibilityVersion = "Xcode 3.2";
			developmentRegion = English;
			hasScannedForEncodings = 0;
			knownRegions = (
				en,
				Base,
			);
			mainGroup = F0635C4B1C2A4BB20077CCA0;
			productRefGroup = F0635C551C2A4BB30077CCA0 /* Products */;
			projectDirPath = "";
			projectRoot = "";
			targets = (
				F0635C531C2A4BB20077CCA0 /* AlignText */,
				F0635C671C2A4BB30077CCA0 /* AlignTextTests */,
				F0635C721C2A4BB30077CCA0 /* AlignTextUITests */,
			);
		};
/* End PBXProject section */

/* Begin PBXResourcesBuildPhase section */
		F0635C521C2A4BB20077CCA0 /* Resources */ = {
			isa = PBXResourcesBuildPhase;
			buildActionMask = 2147483647;
			files = (
				F0635C621C2A4BB30077CCA0 /* LaunchScreen.storyboard in Resources */,
				F0635C5F1C2A4BB30077CCA0 /* Assets.xcassets in Resources */,
				F0635C5D1C2A4BB30077CCA0 /* Main.storyboard in Resources */,
			);
			runOnlyForDeploymentPostprocessing = 0;
		};
		F0635C661C2A4BB30077CCA0 /* Resources */ = {
			isa = PBXResourcesBuildPhase;
			buildActionMask = 2147483647;
			files = (
			);
			runOnlyForDeploymentPostprocessing = 0;
		};
		F0635C711C2A4BB30077CCA0 /* Resources */ = {
			isa = PBXResourcesBuildPhase;
			buildActionMask = 2147483647;
			files = (
			);
			runOnlyForDeploymentPostprocessing = 0;
		};
/* End PBXResourcesBuildPhase section */

/* Begin PBXSourcesBuildPhase section */
		F0635C501C2A4BB20077CCA0 /* Sources */ = {
			isa = PBXSourcesBuildPhase;
			buildActionMask = 2147483647;
			files = (
				F0635C5A1C2A4BB30077CCA0 /* ViewController.swift in Sources */,
				F0635C581C2A4BB30077CCA0 /* AppDelegate.swift in Sources */,
			);
			runOnlyForDeploymentPostprocessing = 0;
		};
		F0635C641C2A4BB30077CCA0 /* Sources */ = {
			isa = PBXSourcesBuildPhase;
			buildActionMask = 2147483647;
			files = (
			);
			runOnlyForDeploymentPostprocessing = 0;
		};
		F0635C6F1C2A4BB30077CCA0 /* Sources */ = {
			isa = PBXSourcesBuildPhase;
			buildActionMask = 2147483647;
			files = (
			);
			runOnlyForDeploymentPostprocessing = 0;
		};
/* End PBXSourcesBuildPhase section */

/* Begin PBXTargetDependency section */
		F0635C6A1C2A4BB30077CCA0 /* PBXTargetDependency */ = {
			isa = PBXTargetDependency;
			target = F0635C531C2A4BB20077CCA0 /* AlignText */;
			targetProxy = F0635C691C2A4BB30077CCA0 /* PBXContainerItemProxy */;
		};
		F0635C751C2A4BB30077CCA0 /* PBXTargetDependency */ = {
			isa = PBXTargetDependency;
			target = F0635C531C2A4BB20077CCA0 /* AlignText */;
			targetProxy = F0635C741C2A4BB30077CCA0 /* PBXContainerItemProxy */;
		};
/* End PBXTargetDependency section */

/* Begin PBXVariantGroup section */
		F0635C5B1C2A4BB30077CCA0 /* Main.storyboard */ = {
			isa = PBXVariantGroup;
			children = (
				F0635C5C1C2A4BB30077CCA0 /* Base */,
			);
			name = Main.storyboard;
			sourceTree = "<group>";
		};
		F0635C601C2A4BB30077CCA0 /* LaunchScreen.storyboard */ = {
			isa = PBXVariantGroup;
			children = (
				F0635C611C2A4BB30077CCA0 /* Base */,
			);
			name = LaunchScreen.storyboard;
			sourceTree = "<group>";
		};
/* End PBXVariantGroup section */

/* Begin XCBuildConfiguration section */
		F0635C7A1C2A4BB30077CCA0 /* Debug */ = {
			isa = XCBuildConfiguration;
			buildSettings = {
				ALWAYS_SEARCH_USER_PATHS = NO;
				CLANG_CXX_LANGUAGE_STANDARD = "gnu++0x";
				CLANG_CXX_LIBRARY = "libc++";
				CLANG_ENABLE_MODULES = YES;
				CLANG_ENABLE_OBJC_ARC = YES;
				CLANG_WARN_BOOL_CONVERSION = YES;
				CLANG_WARN_CONSTANT_CONVERSION = YES;
				CLANG_WARN_DIRECT_OBJC_ISA_USAGE = YES_ERROR;
				CLANG_WARN_EMPTY_BODY = YES;
				CLANG_WARN_ENUM_CONVERSION = YES;
				CLANG_WARN_INT_CONVERSION = YES;
				CLANG_WARN_OBJC_ROOT_CLASS = YES_ERROR;
				CLANG_WARN_UNREACHABLE_CODE = YES;
				CLANG_WARN__DUPLICATE_METHOD_MATCH = YES;
				"CODE_SIGN_IDENTITY[sdk=iphoneos*]" = "iPhone Developer";
				COPY_PHASE_STRIP = NO;
				DEBUG_INFORMATION_FORMAT = dwarf;
				ENABLE_STRICT_OBJC_MSGSEND = YES;
				ENABLE_TESTABILITY = YES;
				GCC_C_LANGUAGE_STANDARD = gnu99;
				GCC_DYNAMIC_NO_PIC = NO;
				GCC_NO_COMMON_BLOCKS = YES;
				GCC_OPTIMIZATION_LEVEL = 0;
				GCC_PREPROCESSOR_DEFINITIONS = (
					"DEBUG=1",
					"$(inherited)",
				);
				GCC_WARN_64_TO_32_BIT_CONVERSION = YES;
				GCC_WARN_ABOUT_RETURN_TYPE = YES_ERROR;
				GCC_WARN_UNDECLARED_SELECTOR = YES;
				GCC_WARN_UNINITIALIZED_AUTOS = YES_AGGRESSIVE;
				GCC_WARN_UNUSED_FUNCTION = YES;
				GCC_WARN_UNUSED_VARIABLE = YES;
				IPHONEOS_DEPLOYMENT_TARGET = 9.2;
				MTL_ENABLE_DEBUG_INFO = YES;
				ONLY_ACTIVE_ARCH = YES;
				SDKROOT = iphoneos;
				SWIFT_OPTIMIZATION_LEVEL = "-Onone";
			};
			name = Debug;
		};
		F0635C7B1C2A4BB30077CCA0 /* Release */ = {
			isa = XCBuildConfiguration;
			buildSettings = {
				ALWAYS_SEARCH_USER_PATHS = NO;
				CLANG_CXX_LANGUAGE_STANDARD = "gnu++0x";
				CLANG_CXX_LIBRARY = "libc++";
				CLANG_ENABLE_MODULES = YES;
				CLANG_ENABLE_OBJC_ARC = YES;
				CLANG_WARN_BOOL_CONVERSION = YES;
				CLANG_WARN_CONSTANT_CONVERSION = YES;
				CLANG_WARN_DIRECT_OBJC_ISA_USAGE = YES_ERROR;
				CLANG_WARN_EMPTY_BODY = YES;
				CLANG_WARN_ENUM_CONVERSION = YES;
				CLANG_WARN_INT_CONVERSION = YES;
				CLANG_WARN_OBJC_ROOT_CLASS = YES_ERROR;
				CLANG_WARN_UNREACHABLE_CODE = YES;
				CLANG_WARN__DUPLICATE_METHOD_MATCH = YES;
				"CODE_SIGN_IDENTITY[sdk=iphoneos*]" = "iPhone Developer";
				COPY_PHASE_STRIP = NO;
				DEBUG_INFORMATION_FORMAT = "dwarf-with-dsym";
				ENABLE_NS_ASSERTIONS = NO;
				ENABLE_STRICT_OBJC_MSGSEND = YES;
				GCC_C_LANGUAGE_STANDARD = gnu99;
				GCC_NO_COMMON_BLOCKS = YES;
				GCC_WARN_64_TO_32_BIT_CONVERSION = YES;
				GCC_WARN_ABOUT_RETURN_TYPE = YES_ERROR;
				GCC_WARN_UNDECLARED_SELECTOR = YES;
				GCC_WARN_UNINITIALIZED_AUTOS = YES_AGGRESSIVE;
				GCC_WARN_UNUSED_FUNCTION = YES;
				GCC_WARN_UNUSED_VARIABLE = YES;
				IPHONEOS_DEPLOYMENT_TARGET = 9.2;
				MTL_ENABLE_DEBUG_INFO = NO;
				SDKROOT = iphoneos;
				VALIDATE_PRODUCT = YES;
			};
			name = Release;
		};
		F0635C7D1C2A4BB30077CCA0 /* Debug */ = {
			isa = XCBuildConfiguration;
			buildSettings = {
				ASSETCATALOG_COMPILER_APPICON_NAME = AppIcon;
				INFOPLIST_FILE = AlignText/Info.plist;
				LD_RUNPATH_SEARCH_PATHS = "$(inherited) @executable_path/Frameworks";
				PRODUCT_BUNDLE_IDENTIFIER = com.gmail.henggge.AlignText;
				PRODUCT_NAME = "$(TARGET_NAME)";
			};
			name = Debug;
		};
		F0635C7E1C2A4BB30077CCA0 /* Release */ = {
			isa = XCBuildConfiguration;
			buildSettings = {
				ASSETCATALOG_COMPILER_APPICON_NAME = AppIcon;
				INFOPLIST_FILE = AlignText/Info.plist;
				LD_RUNPATH_SEARCH_PATHS = "$(inherited) @executable_path/Frameworks";
				PRODUCT_BUNDLE_IDENTIFIER = com.gmail.henggge.AlignText;
				PRODUCT_NAME = "$(TARGET_NAME)";
			};
			name = Release;
		};
		F0635C801C2A4BB30077CCA0 /* Debug */ = {
			isa = XCBuildConfiguration;
			buildSettings = {
				BUNDLE_LOADER = "$(TEST_HOST)";
				INFOPLIST_FILE = AlignTextTests/Info.plist;
				LD_RUNPATH_SEARCH_PATHS = "$(inherited) @executable_path/Frameworks @loader_path/Frameworks";
				PRODUCT_BUNDLE_IDENTIFIER = com.gmail.henggge.AlignTextTests;
				PRODUCT_NAME = "$(TARGET_NAME)";
				TEST_HOST = "$(BUILT_PRODUCTS_DIR)/AlignText.app/AlignText";
			};
			name = Debug;
		};
		F0635C811C2A4BB30077CCA0 /* Release */ = {
			isa = XCBuildConfiguration;
			buildSettings = {
				BUNDLE_LOADER = "$(TEST_HOST)";
				INFOPLIST_FILE = AlignTextTests/Info.plist;
				LD_RUNPATH_SEARCH_PATHS = "$(inherited) @executable_path/Frameworks @loader_path/Frameworks";
				PRODUCT_BUNDLE_IDENTIFIER = com.gmail.henggge.AlignTextTests;
				PRODUCT_NAME = "$(TARGET_NAME)";
				TEST_HOST = "$(BUILT_PRODUCTS_DIR)/AlignText.app/AlignText";
			};
			name = Release;
		};
		F0635C831C2A4BB30077CCA0 /* Debug */ = {
			isa = XCBuildConfiguration;
			buildSettings = {
				INFOPLIST_FILE = AlignTextUITests/Info.plist;
				LD_RUNPATH_SEARCH_PATHS = "$(inherited) @executable_path/Frameworks @loader_path/Frameworks";
				PRODUCT_BUNDLE_IDENTIFIER = com.gmail.henggge.AlignTextUITests;
				PRODUCT_NAME = "$(TARGET_NAME)";
				TEST_TARGET_NAME = AlignText;
				USES_XCTRUNNER = YES;
			};
			name = Debug;
		};
		F0635C841C2A4BB30077CCA0 /* Release */ = {
			isa = XCBuildConfiguration;
			buildSettings = {
				INFOPLIST_FILE = AlignTextUITests/Info.plist;
				LD_RUNPATH_SEARCH_PATHS = "$(inherited) @executable_path/Frameworks @loader_path/Frameworks";
				PRODUCT_BUNDLE_IDENTIFIER = com.gmail.henggge.AlignTextUITests;
				PRODUCT_NAME = "$(TARGET_NAME)";
				TEST_TARGET_NAME = AlignText;
				USES_XCTRUNNER = YES;
			};
			name = Release;
		};
/* End XCBuildConfiguration section */

/* Begin XCConfigurationList section */
		F0635C4F1C2A4BB20077CCA0 /* Build configuration list for PBXProject "AlignText" */ = {
			isa = XCConfigurationList;
			buildConfigurations = (
				F0635C7A1C2A4BB30077CCA0 /* Debug */,
				F0635C7B1C2A4BB30077CCA0 /* Release */,
			);
			defaultConfigurationIsVisible = 0;
			defaultConfigurationName = Release;
		};
		F0635C7C1C2A4BB30077CCA0 /* Build configuration list for PBXNativeTarget "AlignText" */ = {
			isa = XCConfigurationList;
			buildConfigurations = (
				F0635C7D1C2A4BB30077CCA0 /* Debug */,
				F0635C7E1C2A4BB30077CCA0 /* Release */,
			);
			defaultConfigurationIsVisible = 0;
			defaultConfigurationName = Release;
		};
		F0635C7F1C2A4BB30077CCA0 /* Build configuration list for PBXNativeTarget "AlignTextTests" */ = {
			isa = XCConfigurationList;
			buildConfigurations = (
				F0635C801C2A4BB30077CCA0 /* Debug */,
				F0635C811C2A4BB30077CCA0 /* Release */,
			);
			defaultConfigurationIsVisible = 0;
			defaultConfigurationName = Release;
		};
		F0635C821C2A4BB30077CCA0 /* Build configuration list for PBXNativeTarget "AlignTextUITests" */ = {
			isa = XCConfigurationList;
			buildConfigurations = (
				F0635C831C2A4BB30077CCA0 /* Debug */,
				F0635C841C2A4BB30077CCA0 /* Release */,
			);
			defaultConfigurationIsVisible = 0;
			defaultConfigurationName = Release;
		};
/* End XCConfigurationList section */
	};
	rootObject = F0635C4C1C2A4BB20077CCA0 /* Project object */;
}
